
Microsoft Visual Studio Solution File, Format Version 12.00
# Visual Studio 15
VisualStudioVersion = 15.0.28010.2046
MinimumVisualStudioVersion = 10.0.40219.1
Project("{FAE04EC0-301F-11D3-BF4B-00C04F79EFBC}") = "RiceMill5911", "RiceMill5911\RiceMill5911.csproj", "{9ABC436A-591E-4CBA-B30B-94E2D112FCEE}"
EndProject
Global
	GlobalSection(SolutionConfigurationPlatforms) = preSolution
		Debug|Any CPU = Debug|Any CPU
		Release|Any CPU = Release|Any CPU
	EndGlobalSection
	GlobalSection(ProjectConfigurationPlatforms) = postSolution
		{9ABC436A-591E-4CBA-B30B-94E2D112FCEE}.Debug|Any CPU.ActiveCfg = Debug|Any CPU
		{9ABC436A-591E-4CBA-B30B-94E2D112FCEE}.Debug|Any CPU.Build.0 = Debug|Any CPU
		{9ABC436A-591E-4CBA-B30B-94E2D112FCEE}.Release|Any CPU.ActiveCfg = Release|Any CPU
		{9ABC436A-591E-4CBA-B30B-94E2D112FCEE}.Release|Any CPU.Build.0 = Release|Any CPU
	EndGlobalSection
	GlobalSection(SolutionProperties) = preSolution
		HideSolutionNode = FALSE
	EndGlobalSection
	GlobalSection(ExtensibilityGlobals) = postSolution
		SolutionGuid = {CFB40249-52F7-4405-9844-011BD2435D16}
	EndGlobalSection
EndGlobal
